
Microsoft Visual Studio Solution File, Format Version 12.00
# Visual Studio Version 16
VisualStudioVersion = 16.0.29728.190
MinimumVisualStudioVersion = 10.0.40219.1
Project("{9A19103F-16F7-4668-BE54-9A1E7A4F7556}") = "AlkaronEngine", "AlkaronEngine\AlkaronEngine.csproj", "{54AF337B-7B68-44AD-BD03-7B2C3D4A6CBD}"
EndProject
Project("{9A19103F-16F7-4668-BE54-9A1E7A4F7556}") = "AlkaronViewer", "AlkaronViewer\AlkaronViewer.csproj", "{E6DB115F-0D45-4AAD-969C-8371ADFBD757}"
EndProject
Global
	GlobalSection(SolutionConfigurationPlatforms) = preSolution
		Debug|Any CPU = Debug|Any CPU
		Release|Any CPU = Release|Any CPU
	EndGlobalSection
	GlobalSection(ProjectConfigurationPlatforms) = postSolution
		{54AF337B-7B68-44AD-BD03-7B2C3D4A6CBD}.Debug|Any CPU.ActiveCfg = Debug|Any CPU
		{54AF337B-7B68-44AD-BD03-7B2C3D4A6CBD}.Debug|Any CPU.Build.0 = Debug|Any CPU
		{54AF337B-7B68-44AD-BD03-7B2C3D4A6CBD}.Release|Any CPU.ActiveCfg = Release|Any CPU
		{54AF337B-7B68-44AD-BD03-7B2C3D4A6CBD}.Release|Any CPU.Build.0 = Release|Any CPU
		{E6DB115F-0D45-4AAD-969C-8371ADFBD757}.Debug|Any CPU.ActiveCfg = Debug|Any CPU
		{E6DB115F-0D45-4AAD-969C-8371ADFBD757}.Debug|Any CPU.Build.0 = Debug|Any CPU
		{E6DB115F-0D45-4AAD-969C-8371ADFBD757}.Release|Any CPU.ActiveCfg = Release|Any CPU
		{E6DB115F-0D45-4AAD-969C-8371ADFBD757}.Release|Any CPU.Build.0 = Release|Any CPU
	EndGlobalSection
	GlobalSection(SolutionProperties) = preSolution
		HideSolutionNode = FALSE
	EndGlobalSection
	GlobalSection(ExtensibilityGlobals) = postSolution
		SolutionGuid = {6EA1110A-3083-4612-9714-09E310737101}
	EndGlobalSection
	GlobalSection(MonoDevelopProperties) = preSolution
		Policies = $0
		$0.TextStylePolicy = $1
		$1.TabWidth = 3
		$1.IndentWidth = 3
		$1.scope = text/x-csharp
		$1.FileWidth = 80
		$1.TabsToSpaces = True
		$0.CSharpFormattingPolicy = $2
		$2.scope = text/x-csharp
	EndGlobalSection
EndGlobal
